
Microsoft Visual Studio Solution File, Format Version 12.00
# Visual Studio Version 17
VisualStudioVersion = 17.14.36804.6 d17.14
MinimumVisualStudioVersion = 10.0.40219.1
Project("{FAE04EC0-301F-11D3-BF4B-00C04F79EFBC}") = "PPTMS", "PPTMS.csproj", "{B2D975E8-05B3-4E02-B53A-E9700885719B}"
EndProject
Project("{FAE04EC0-301F-11D3-BF4B-00C04F79EFBC}") = "PPTMS_BusinessLayer", "..\PPTMS_BusinessLayer\PPTMS_BusinessLayer.csproj", "{59C2A194-8CA2-4947-B311-EAEF9EAC5485}"
EndProject
Project("{FAE04EC0-301F-11D3-BF4B-00C04F79EFBC}") = "PPTMS_DataAccessLayar", "..\PPTMS_DataAccessLayar\PPTMS_DataAccessLayar.csproj", "{71B99C97-21EE-4C69-A771-64CB3B32C400}"
EndProject
Global
	GlobalSection(SolutionConfigurationPlatforms) = preSolution
		Debug|Any CPU = Debug|Any CPU
		Release|Any CPU = Release|Any CPU
	EndGlobalSection
	GlobalSection(ProjectConfigurationPlatforms) = postSolution
		{B2D975E8-05B3-4E02-B53A-E9700885719B}.Debug|Any CPU.ActiveCfg = Debug|Any CPU
		{B2D975E8-05B3-4E02-B53A-E9700885719B}.Debug|Any CPU.Build.0 = Debug|Any CPU
		{B2D975E8-05B3-4E02-B53A-E9700885719B}.Release|Any CPU.ActiveCfg = Release|Any CPU
		{B2D975E8-05B3-4E02-B53A-E9700885719B}.Release|Any CPU.Build.0 = Release|Any CPU
		{59C2A194-8CA2-4947-B311-EAEF9EAC5485}.Debug|Any CPU.ActiveCfg = Debug|Any CPU
		{59C2A194-8CA2-4947-B311-EAEF9EAC5485}.Debug|Any CPU.Build.0 = Debug|Any CPU
		{59C2A194-8CA2-4947-B311-EAEF9EAC5485}.Release|Any CPU.ActiveCfg = Release|Any CPU
		{59C2A194-8CA2-4947-B311-EAEF9EAC5485}.Release|Any CPU.Build.0 = Release|Any CPU
		{71B99C97-21EE-4C69-A771-64CB3B32C400}.Debug|Any CPU.ActiveCfg = Debug|Any CPU
		{71B99C97-21EE-4C69-A771-64CB3B32C400}.Debug|Any CPU.Build.0 = Debug|Any CPU
		{71B99C97-21EE-4C69-A771-64CB3B32C400}.Release|Any CPU.ActiveCfg = Release|Any CPU
		{71B99C97-21EE-4C69-A771-64CB3B32C400}.Release|Any CPU.Build.0 = Release|Any CPU
	EndGlobalSection
	GlobalSection(SolutionProperties) = preSolution
		HideSolutionNode = FALSE
	EndGlobalSection
	GlobalSection(ExtensibilityGlobals) = postSolution
		SolutionGuid = {EFD1ADD5-7F2D-430F-A436-828577AFDE65}
	EndGlobalSection
EndGlobal
